// !$*UTF8*$!
{
	archiveVersion = 1;
	classes = {
	};
	objectVersion = 46;
	objects = {

/* Begin PBXBuildFile section */
		523667661CC43E3E0036BAE2 /* CoreData.framework in Frameworks */ = {isa = PBXBuildFile; fileRef = 523667651CC43E3E0036BAE2 /* CoreData.framework */; };
		526B22F91CA75E9C009C7A08 /* AppDelegate.swift in Sources */ = {isa = PBXBuildFile; fileRef = 526B22F81CA75E9C009C7A08 /* AppDelegate.swift */; };
		526B22FB1CA75E9C009C7A08 /* ViewController.swift in Sources */ = {isa = PBXBuildFile; fileRef = 526B22FA1CA75E9C009C7A08 /* ViewController.swift */; };
		526B22FE1CA75E9C009C7A08 /* Main.storyboard in Resources */ = {isa = PBXBuildFile; fileRef = 526B22FC1CA75E9C009C7A08 /* Main.storyboard */; };
		526B23011CA75E9C009C7A08 /* BeerUp.xcdatamodeld in Sources */ = {isa = PBXBuildFile; fileRef = 526B22FF1CA75E9C009C7A08 /* BeerUp.xcdatamodeld */; };
		526B23031CA75E9C009C7A08 /* Assets.xcassets in Resources */ = {isa = PBXBuildFile; fileRef = 526B23021CA75E9C009C7A08 /* Assets.xcassets */; };
		526B23061CA75E9D009C7A08 /* LaunchScreen.storyboard in Resources */ = {isa = PBXBuildFile; fileRef = 526B23041CA75E9D009C7A08 /* LaunchScreen.storyboard */; };
		526B23111CA75E9D009C7A08 /* BeerUpTests.swift in Sources */ = {isa = PBXBuildFile; fileRef = 526B23101CA75E9D009C7A08 /* BeerUpTests.swift */; };
		5278ADE01CC43A90002708A0 /* Alamofire.framework in Frameworks */ = {isa = PBXBuildFile; fileRef = 5278ADD51CC43A90002708A0 /* Alamofire.framework */; };
		5278ADE41CC43A90002708A0 /* Result.framework in Frameworks */ = {isa = PBXBuildFile; fileRef = 5278ADD91CC43A90002708A0 /* Result.framework */; };
		5278ADE51CC43A90002708A0 /* RxBlocking.framework in Frameworks */ = {isa = PBXBuildFile; fileRef = 5278ADDA1CC43A90002708A0 /* RxBlocking.framework */; };
		5278ADE61CC43A90002708A0 /* RxCocoa.framework in Frameworks */ = {isa = PBXBuildFile; fileRef = 5278ADDB1CC43A90002708A0 /* RxCocoa.framework */; };
		5278ADE71CC43A90002708A0 /* RxSwift.framework in Frameworks */ = {isa = PBXBuildFile; fileRef = 5278ADDC1CC43A90002708A0 /* RxSwift.framework */; };
		5278ADE91CC43A90002708A0 /* SugarRecordCoreData.framework in Frameworks */ = {isa = PBXBuildFile; fileRef = 5278ADDE1CC43A90002708A0 /* SugarRecordCoreData.framework */; };
/* End PBXBuildFile section */

/* Begin PBXContainerItemProxy section */
		526B230D1CA75E9D009C7A08 /* PBXContainerItemProxy */ = {
			isa = PBXContainerItemProxy;
			containerPortal = 526B22ED1CA75E9C009C7A08 /* Project object */;
			proxyType = 1;
			remoteGlobalIDString = 526B22F41CA75E9C009C7A08;
			remoteInfo = BeerUp;
		};
/* End PBXContainerItemProxy section */

/* Begin PBXFileReference section */
		523667651CC43E3E0036BAE2 /* CoreData.framework */ = {isa = PBXFileReference; lastKnownFileType = wrapper.framework; name = CoreData.framework; path = System/Library/Frameworks/CoreData.framework; sourceTree = SDKROOT; };
		526B22F51CA75E9C009C7A08 /* BeerUp.app */ = {isa = PBXFileReference; explicitFileType = wrapper.application; includeInIndex = 0; path = BeerUp.app; sourceTree = BUILT_PRODUCTS_DIR; };
		526B22F81CA75E9C009C7A08 /* AppDelegate.swift */ = {isa = PBXFileReference; lastKnownFileType = sourcecode.swift; path = AppDelegate.swift; sourceTree = "<group>"; };
		526B22FA1CA75E9C009C7A08 /* ViewController.swift */ = {isa = PBXFileReference; lastKnownFileType = sourcecode.swift; path = ViewController.swift; sourceTree = "<group>"; };
		526B22FD1CA75E9C009C7A08 /* Base */ = {isa = PBXFileReference; lastKnownFileType = file.storyboard; name = Base; path = Base.lproj/Main.storyboard; sourceTree = "<group>"; };
		526B23001CA75E9C009C7A08 /* BeerUp.xcdatamodel */ = {isa = PBXFileReference; lastKnownFileType = wrapper.xcdatamodel; path = BeerUp.xcdatamodel; sourceTree = "<group>"; };
		526B23021CA75E9C009C7A08 /* Assets.xcassets */ = {isa = PBXFileReference; lastKnownFileType = folder.assetcatalog; path = Assets.xcassets; sourceTree = "<group>"; };
		526B23051CA75E9D009C7A08 /* Base */ = {isa = PBXFileReference; lastKnownFileType = file.storyboard; name = Base; path = Base.lproj/LaunchScreen.storyboard; sourceTree = "<group>"; };
		526B23071CA75E9D009C7A08 /* Info.plist */ = {isa = PBXFileReference; lastKnownFileType = text.plist.xml; path = Info.plist; sourceTree = "<group>"; };
		526B230C1CA75E9D009C7A08 /* BeerUpTests.xctest */ = {isa = PBXFileReference; explicitFileType = wrapper.cfbundle; includeInIndex = 0; path = BeerUpTests.xctest; sourceTree = BUILT_PRODUCTS_DIR; };
		526B23101CA75E9D009C7A08 /* BeerUpTests.swift */ = {isa = PBXFileReference; lastKnownFileType = sourcecode.swift; path = BeerUpTests.swift; sourceTree = "<group>"; };
		526B23121CA75E9D009C7A08 /* Info.plist */ = {isa = PBXFileReference; lastKnownFileType = text.plist.xml; path = Info.plist; sourceTree = "<group>"; };
		5278ADD51CC43A90002708A0 /* Alamofire.framework */ = {isa = PBXFileReference; lastKnownFileType = wrapper.framework; name = Alamofire.framework; path = ../Carthage/Build/iOS/Alamofire.framework; sourceTree = "<group>"; };
		5278ADD91CC43A90002708A0 /* Result.framework */ = {isa = PBXFileReference; lastKnownFileType = wrapper.framework; name = Result.framework; path = ../Carthage/Build/iOS/Result.framework; sourceTree = "<group>"; };
		5278ADDA1CC43A90002708A0 /* RxBlocking.framework */ = {isa = PBXFileReference; lastKnownFileType = wrapper.framework; name = RxBlocking.framework; path = ../Carthage/Build/iOS/RxBlocking.framework; sourceTree = "<group>"; };
		5278ADDB1CC43A90002708A0 /* RxCocoa.framework */ = {isa = PBXFileReference; lastKnownFileType = wrapper.framework; name = RxCocoa.framework; path = ../Carthage/Build/iOS/RxCocoa.framework; sourceTree = "<group>"; };
		5278ADDC1CC43A90002708A0 /* RxSwift.framework */ = {isa = PBXFileReference; lastKnownFileType = wrapper.framework; name = RxSwift.framework; path = ../Carthage/Build/iOS/RxSwift.framework; sourceTree = "<group>"; };
		5278ADDE1CC43A90002708A0 /* SugarRecordCoreData.framework */ = {isa = PBXFileReference; lastKnownFileType = wrapper.framework; name = SugarRecordCoreData.framework; path = ../Carthage/Build/iOS/SugarRecordCoreData.framework; sourceTree = "<group>"; };
/* End PBXFileReference section */

/* Begin PBXFrameworksBuildPhase section */
		526B22F21CA75E9C009C7A08 /* Frameworks */ = {
			isa = PBXFrameworksBuildPhase;
			buildActionMask = 2147483647;
			files = (
				523667661CC43E3E0036BAE2 /* CoreData.framework in Frameworks */,
				5278ADE01CC43A90002708A0 /* Alamofire.framework in Frameworks */,
				5278ADE41CC43A90002708A0 /* Result.framework in Frameworks */,
				5278ADE51CC43A90002708A0 /* RxBlocking.framework in Frameworks */,
				5278ADE61CC43A90002708A0 /* RxCocoa.framework in Frameworks */,
				5278ADE71CC43A90002708A0 /* RxSwift.framework in Frameworks */,
				5278ADE91CC43A90002708A0 /* SugarRecordCoreData.framework in Frameworks */,
			);
			runOnlyForDeploymentPostprocessing = 0;
		};
		526B23091CA75E9D009C7A08 /* Frameworks */ = {
			isa = PBXFrameworksBuildPhase;
			buildActionMask = 2147483647;
			files = (
			);
			runOnlyForDeploymentPostprocessing = 0;
		};
/* End PBXFrameworksBuildPhase section */

/* Begin PBXGroup section */
		526B22EC1CA75E9C009C7A08 = {
			isa = PBXGroup;
			children = (
				526B22F71CA75E9C009C7A08 /* BeerUp */,
				526B230F1CA75E9D009C7A08 /* BeerUpTests */,
				526B22F61CA75E9C009C7A08 /* Products */,
			);
			sourceTree = "<group>";
		};
		526B22F61CA75E9C009C7A08 /* Products */ = {
			isa = PBXGroup;
			children = (
				526B22F51CA75E9C009C7A08 /* BeerUp.app */,
				526B230C1CA75E9D009C7A08 /* BeerUpTests.xctest */,
			);
			name = Products;
			sourceTree = "<group>";
		};
		526B22F71CA75E9C009C7A08 /* BeerUp */ = {
			isa = PBXGroup;
			children = (
				526B22F81CA75E9C009C7A08 /* AppDelegate.swift */,
				526B22FA1CA75E9C009C7A08 /* ViewController.swift */,
				526B22FC1CA75E9C009C7A08 /* Main.storyboard */,
				526B23021CA75E9C009C7A08 /* Assets.xcassets */,
				526B23041CA75E9D009C7A08 /* LaunchScreen.storyboard */,
				526B23071CA75E9D009C7A08 /* Info.plist */,
				526B22FF1CA75E9C009C7A08 /* BeerUp.xcdatamodeld */,
				5278ADEB1CC43AB8002708A0 /* Frameworks */,
			);
			path = BeerUp;
			sourceTree = "<group>";
		};
		526B230F1CA75E9D009C7A08 /* BeerUpTests */ = {
			isa = PBXGroup;
			children = (
				526B23101CA75E9D009C7A08 /* BeerUpTests.swift */,
				526B23121CA75E9D009C7A08 /* Info.plist */,
			);
			path = BeerUpTests;
			sourceTree = "<group>";
		};
		5278ADEB1CC43AB8002708A0 /* Frameworks */ = {
			isa = PBXGroup;
			children = (
				523667651CC43E3E0036BAE2 /* CoreData.framework */,
				5278ADD51CC43A90002708A0 /* Alamofire.framework */,
				5278ADD91CC43A90002708A0 /* Result.framework */,
				5278ADDA1CC43A90002708A0 /* RxBlocking.framework */,
				5278ADDB1CC43A90002708A0 /* RxCocoa.framework */,
				5278ADDC1CC43A90002708A0 /* RxSwift.framework */,
				5278ADDE1CC43A90002708A0 /* SugarRecordCoreData.framework */,
			);
			name = Frameworks;
			sourceTree = "<group>";
		};
/* End PBXGroup section */

/* Begin PBXNativeTarget section */
		526B22F41CA75E9C009C7A08 /* BeerUp */ = {
			isa = PBXNativeTarget;
			buildConfigurationList = 526B23151CA75E9D009C7A08 /* Build configuration list for PBXNativeTarget "BeerUp" */;
			buildPhases = (
				526B22F11CA75E9C009C7A08 /* Sources */,
				526B22F21CA75E9C009C7A08 /* Frameworks */,
				526B22F31CA75E9C009C7A08 /* Resources */,
				5278ADD41CC438BC002708A0 /* ShellScript */,
			);
			buildRules = (
			);
			dependencies = (
			);
			name = BeerUp;
			productName = BeerUp;
			productReference = 526B22F51CA75E9C009C7A08 /* BeerUp.app */;
			productType = "com.apple.product-type.application";
		};
		526B230B1CA75E9D009C7A08 /* BeerUpTests */ = {
			isa = PBXNativeTarget;
			buildConfigurationList = 526B23181CA75E9D009C7A08 /* Build configuration list for PBXNativeTarget "BeerUpTests" */;
			buildPhases = (
				526B23081CA75E9D009C7A08 /* Sources */,
				526B23091CA75E9D009C7A08 /* Frameworks */,
				526B230A1CA75E9D009C7A08 /* Resources */,
			);
			buildRules = (
			);
			dependencies = (
				526B230E1CA75E9D009C7A08 /* PBXTargetDependency */,
			);
			name = BeerUpTests;
			productName = BeerUpTests;
			productReference = 526B230C1CA75E9D009C7A08 /* BeerUpTests.xctest */;
			productType = "com.apple.product-type.bundle.unit-test";
		};
/* End PBXNativeTarget section */

/* Begin PBXProject section */
		526B22ED1CA75E9C009C7A08 /* Project object */ = {
			isa = PBXProject;
			attributes = {
				LastSwiftUpdateCheck = 0720;
				LastUpgradeCheck = 0720;
				TargetAttributes = {
					526B22F41CA75E9C009C7A08 = {
						CreatedOnToolsVersion = 7.2;
					};
					526B230B1CA75E9D009C7A08 = {
						CreatedOnToolsVersion = 7.2;
						DevelopmentTeam = JQGA5FS44F;
						TestTargetID = 526B22F41CA75E9C009C7A08;
					};
				};
			};
			buildConfigurationList = 526B22F01CA75E9C009C7A08 /* Build configuration list for PBXProject "BeerUp" */;
			compatibilityVersion = "Xcode 3.2";
			developmentRegion = English;
			hasScannedForEncodings = 0;
			knownRegions = (
				en,
				Base,
			);
			mainGroup = 526B22EC1CA75E9C009C7A08;
			productRefGroup = 526B22F61CA75E9C009C7A08 /* Products */;
			projectDirPath = "";
			projectRoot = "";
			targets = (
				526B22F41CA75E9C009C7A08 /* BeerUp */,
				526B230B1CA75E9D009C7A08 /* BeerUpTests */,
			);
		};
/* End PBXProject section */

/* Begin PBXResourcesBuildPhase section */
		526B22F31CA75E9C009C7A08 /* Resources */ = {
			isa = PBXResourcesBuildPhase;
			buildActionMask = 2147483647;
			files = (
				526B23061CA75E9D009C7A08 /* LaunchScreen.storyboard in Resources */,
				526B23031CA75E9C009C7A08 /* Assets.xcassets in Resources */,
				526B22FE1CA75E9C009C7A08 /* Main.storyboard in Resources */,
			);
			runOnlyForDeploymentPostprocessing = 0;
		};
		526B230A1CA75E9D009C7A08 /* Resources */ = {
			isa = PBXResourcesBuildPhase;
			buildActionMask = 2147483647;
			files = (
			);
			runOnlyForDeploymentPostprocessing = 0;
		};
/* End PBXResourcesBuildPhase section */

/* Begin PBXShellScriptBuildPhase section */
		5278ADD41CC438BC002708A0 /* ShellScript */ = {
			isa = PBXShellScriptBuildPhase;
			buildActionMask = 2147483647;
			files = (
			);
			inputPaths = (
				"$(SRCROOT)/Carthage/Build/iOS/Alamofire.framework",
				"$(SRCROOT)/Carthage/Build/iOS/RxSwift.framework",
				"$(SRCROOT)/Carthage/Build/iOS/Result.framework",
				"$(SRCROOT)/Carthage/Build/iOS/RxBlocking.framework",
				"$(SRCROOT)/Carthage/Build/iOS/SugarRecordCoreData.framework",
				"$(SRCROOT)/Carthage/Build/iOS/RxCocoa.framework",
			);
			outputPaths = (
			);
			runOnlyForDeploymentPostprocessing = 0;
			shellPath = /bin/sh;
			shellScript = "/usr/local/bin/carthage copy-frameworks";
		};
/* End PBXShellScriptBuildPhase section */

/* Begin PBXSourcesBuildPhase section */
		526B22F11CA75E9C009C7A08 /* Sources */ = {
			isa = PBXSourcesBuildPhase;
			buildActionMask = 2147483647;
			files = (
				526B23011CA75E9C009C7A08 /* BeerUp.xcdatamodeld in Sources */,
				526B22FB1CA75E9C009C7A08 /* ViewController.swift in Sources */,
				526B22F91CA75E9C009C7A08 /* AppDelegate.swift in Sources */,
			);
			runOnlyForDeploymentPostprocessing = 0;
		};
		526B23081CA75E9D009C7A08 /* Sources */ = {
			isa = PBXSourcesBuildPhase;
			buildActionMask = 2147483647;
			files = (
				526B23111CA75E9D009C7A08 /* BeerUpTests.swift in Sources */,
			);
			runOnlyForDeploymentPostprocessing = 0;
		};
/* End PBXSourcesBuildPhase section */

/* Begin PBXTargetDependency section */
		526B230E1CA75E9D009C7A08 /* PBXTargetDependency */ = {
			isa = PBXTargetDependency;
			target = 526B22F41CA75E9C009C7A08 /* BeerUp */;
			targetProxy = 526B230D1CA75E9D009C7A08 /* PBXContainerItemProxy */;
		};
/* End PBXTargetDependency section */

/* Begin PBXVariantGroup section */
		526B22FC1CA75E9C009C7A08 /* Main.storyboard */ = {
			isa = PBXVariantGroup;
			children = (
				526B22FD1CA75E9C009C7A08 /* Base */,
			);
			name = Main.storyboard;
			sourceTree = "<group>";
		};
		526B23041CA75E9D009C7A08 /* LaunchScreen.storyboard */ = {
			isa = PBXVariantGroup;
			children = (
				526B23051CA75E9D009C7A08 /* Base */,
			);
			name = LaunchScreen.storyboard;
			sourceTree = "<group>";
		};
/* End PBXVariantGroup section */

/* Begin XCBuildConfiguration section */
		526B23131CA75E9D009C7A08 /* Debug */ = {
			isa = XCBuildConfiguration;
			buildSettings = {
				ALWAYS_SEARCH_USER_PATHS = NO;
				CLANG_CXX_LANGUAGE_STANDARD = "gnu++0x";
				CLANG_CXX_LIBRARY = "libc++";
				CLANG_ENABLE_MODULES = YES;
				CLANG_ENABLE_OBJC_ARC = YES;
				CLANG_WARN_BOOL_CONVERSION = YES;
				CLANG_WARN_CONSTANT_CONVERSION = YES;
				CLANG_WARN_DIRECT_OBJC_ISA_USAGE = YES_ERROR;
				CLANG_WARN_EMPTY_BODY = YES;
				CLANG_WARN_ENUM_CONVERSION = YES;
				CLANG_WARN_INT_CONVERSION = YES;
				CLANG_WARN_OBJC_ROOT_CLASS = YES_ERROR;
				CLANG_WARN_UNREACHABLE_CODE = YES;
				CLANG_WARN__DUPLICATE_METHOD_MATCH = YES;
				"CODE_SIGN_IDENTITY[sdk=iphoneos*]" = "iPhone Developer";
				COPY_PHASE_STRIP = NO;
				DEBUG_INFORMATION_FORMAT = dwarf;
				ENABLE_STRICT_OBJC_MSGSEND = YES;
				ENABLE_TESTABILITY = YES;
				GCC_C_LANGUAGE_STANDARD = gnu99;
				GCC_DYNAMIC_NO_PIC = NO;
				GCC_NO_COMMON_BLOCKS = YES;
				GCC_OPTIMIZATION_LEVEL = 0;
				GCC_PREPROCESSOR_DEFINITIONS = (
					"DEBUG=1",
					"$(inherited)",
				);
				GCC_WARN_64_TO_32_BIT_CONVERSION = YES;
				GCC_WARN_ABOUT_RETURN_TYPE = YES_ERROR;
				GCC_WARN_UNDECLARED_SELECTOR = YES;
				GCC_WARN_UNINITIALIZED_AUTOS = YES_AGGRESSIVE;
				GCC_WARN_UNUSED_FUNCTION = YES;
				GCC_WARN_UNUSED_VARIABLE = YES;
				IPHONEOS_DEPLOYMENT_TARGET = 9.2;
				MTL_ENABLE_DEBUG_INFO = YES;
				ONLY_ACTIVE_ARCH = YES;
				SDKROOT = iphoneos;
				SWIFT_OPTIMIZATION_LEVEL = "-Onone";
			};
			name = Debug;
		};
		526B23141CA75E9D009C7A08 /* Release */ = {
			isa = XCBuildConfiguration;
			buildSettings = {
				ALWAYS_SEARCH_USER_PATHS = NO;
				CLANG_CXX_LANGUAGE_STANDARD = "gnu++0x";
				CLANG_CXX_LIBRARY = "libc++";
				CLANG_ENABLE_MODULES = YES;
				CLANG_ENABLE_OBJC_ARC = YES;
				CLANG_WARN_BOOL_CONVERSION = YES;
				CLANG_WARN_CONSTANT_CONVERSION = YES;
				CLANG_WARN_DIRECT_OBJC_ISA_USAGE = YES_ERROR;
				CLANG_WARN_EMPTY_BODY = YES;
				CLANG_WARN_ENUM_CONVERSION = YES;
				CLANG_WARN_INT_CONVERSION = YES;
				CLANG_WARN_OBJC_ROOT_CLASS = YES_ERROR;
				CLANG_WARN_UNREACHABLE_CODE = YES;
				CLANG_WARN__DUPLICATE_METHOD_MATCH = YES;
				"CODE_SIGN_IDENTITY[sdk=iphoneos*]" = "iPhone Developer";
				COPY_PHASE_STRIP = NO;
				DEBUG_INFORMATION_FORMAT = "dwarf-with-dsym";
				ENABLE_NS_ASSERTIONS = NO;
				ENABLE_STRICT_OBJC_MSGSEND = YES;
				GCC_C_LANGUAGE_STANDARD = gnu99;
				GCC_NO_COMMON_BLOCKS = YES;
				GCC_WARN_64_TO_32_BIT_CONVERSION = YES;
				GCC_WARN_ABOUT_RETURN_TYPE = YES_ERROR;
				GCC_WARN_UNDECLARED_SELECTOR = YES;
				GCC_WARN_UNINITIALIZED_AUTOS = YES_AGGRESSIVE;
				GCC_WARN_UNUSED_FUNCTION = YES;
				GCC_WARN_UNUSED_VARIABLE = YES;
				IPHONEOS_DEPLOYMENT_TARGET = 9.2;
				MTL_ENABLE_DEBUG_INFO = NO;
				SDKROOT = iphoneos;
				VALIDATE_PRODUCT = YES;
			};
			name = Release;
		};
		526B23161CA75E9D009C7A08 /* Debug */ = {
			isa = XCBuildConfiguration;
			buildSettings = {
				ASSETCATALOG_COMPILER_APPICON_NAME = AppIcon;
				CODE_SIGN_IDENTITY = "iPhone Developer";
				FRAMEWORK_SEARCH_PATHS = (
					"$(inherited)",
					"$(PROJECT_DIR)/Carthage/Build/iOS",
				);
				INFOPLIST_FILE = BeerUp/Info.plist;
				LD_RUNPATH_SEARCH_PATHS = "$(inherited) @executable_path/Frameworks";
				PRODUCT_BUNDLE_IDENTIFIER = org.whitemocha.BeerUp;
				PRODUCT_NAME = "$(TARGET_NAME)";
			};
			name = Debug;
		};
		526B23171CA75E9D009C7A08 /* Release */ = {
			isa = XCBuildConfiguration;
			buildSettings = {
				ASSETCATALOG_COMPILER_APPICON_NAME = AppIcon;
				CODE_SIGN_IDENTITY = "iPhone Developer";
				FRAMEWORK_SEARCH_PATHS = (
					"$(inherited)",
					"$(PROJECT_DIR)/Carthage/Build/iOS",
				);
				INFOPLIST_FILE = BeerUp/Info.plist;
				LD_RUNPATH_SEARCH_PATHS = "$(inherited) @executable_path/Frameworks";
				PRODUCT_BUNDLE_IDENTIFIER = org.whitemocha.BeerUp;
				PRODUCT_NAME = "$(TARGET_NAME)";
			};
			name = Release;
		};
		526B23191CA75E9D009C7A08 /* Debug */ = {
			isa = XCBuildConfiguration;
			buildSettings = {
				BUNDLE_LOADER = "$(TEST_HOST)";
				INFOPLIST_FILE = BeerUpTests/Info.plist;
				LD_RUNPATH_SEARCH_PATHS = "$(inherited) @executable_path/Frameworks @loader_path/Frameworks";
				PRODUCT_BUNDLE_IDENTIFIER = org.whitemocha.BeerUpTests;
				PRODUCT_NAME = "$(TARGET_NAME)";
				TEST_HOST = "$(BUILT_PRODUCTS_DIR)/BeerUp.app/BeerUp";
			};
			name = Debug;
		};
		526B231A1CA75E9D009C7A08 /* Release */ = {
			isa = XCBuildConfiguration;
			buildSettings = {
				BUNDLE_LOADER = "$(TEST_HOST)";
				INFOPLIST_FILE = BeerUpTests/Info.plist;
				LD_RUNPATH_SEARCH_PATHS = "$(inherited) @executable_path/Frameworks @loader_path/Frameworks";
				PRODUCT_BUNDLE_IDENTIFIER = org.whitemocha.BeerUpTests;
				PRODUCT_NAME = "$(TARGET_NAME)";
				TEST_HOST = "$(BUILT_PRODUCTS_DIR)/BeerUp.app/BeerUp";
			};
			name = Release;
		};
/* End XCBuildConfiguration section */

/* Begin XCConfigurationList section */
		526B22F01CA75E9C009C7A08 /* Build configuration list for PBXProject "BeerUp" */ = {
			isa = XCConfigurationList;
			buildConfigurations = (
				526B23131CA75E9D009C7A08 /* Debug */,
				526B23141CA75E9D009C7A08 /* Release */,
			);
			defaultConfigurationIsVisible = 0;
			defaultConfigurationName = Release;
		};
		526B23151CA75E9D009C7A08 /* Build configuration list for PBXNativeTarget "BeerUp" */ = {
			isa = XCConfigurationList;
			buildConfigurations = (
				526B23161CA75E9D009C7A08 /* Debug */,
				526B23171CA75E9D009C7A08 /* Release */,
			);
			defaultConfigurationIsVisible = 0;
			defaultConfigurationName = Release;
		};
		526B23181CA75E9D009C7A08 /* Build configuration list for PBXNativeTarget "BeerUpTests" */ = {
			isa = XCConfigurationList;
			buildConfigurations = (
				526B23191CA75E9D009C7A08 /* Debug */,
				526B231A1CA75E9D009C7A08 /* Release */,
			);
			defaultConfigurationIsVisible = 0;
			defaultConfigurationName = Release;
		};
/* End XCConfigurationList section */

/* Begin XCVersionGroup section */
		526B22FF1CA75E9C009C7A08 /* BeerUp.xcdatamodeld */ = {
			isa = XCVersionGroup;
			children = (
				526B23001CA75E9C009C7A08 /* BeerUp.xcdatamodel */,
			);
			currentVersion = 526B23001CA75E9C009C7A08 /* BeerUp.xcdatamodel */;
			path = BeerUp.xcdatamodeld;
			sourceTree = "<group>";
			versionGroupType = wrapper.xcdatamodel;
		};
/* End XCVersionGroup section */
	};
	rootObject = 526B22ED1CA75E9C009C7A08 /* Project object */;
}
